
Microsoft Visual Studio Solution File, Format Version 12.00
Project("{FAE04EC0-301F-11D3-BF4B-00C04F79EFBC}") = "Exceptions", "Exceptions\Exceptions.csproj", "{05B6DAD5-2C27-4077-BDA0-FD3D1ADD78D8}"
EndProject
Project("{2150E333-8FDC-42A3-9474-1A3956D46DE8}") = "src", "src", "{DAE39DB4-E832-44C1-B31E-6662EB3F220A}"
EndProject
Project("{FAE04EC0-301F-11D3-BF4B-00C04F79EFBC}") = "Common", "Common\Common.csproj", "{83E3185F-FB1B-40A8-929B-F7D164C3CA5B}"
EndProject
Project("{2150E333-8FDC-42A3-9474-1A3956D46DE8}") = "tests", "tests", "{2C7DC7DB-73C2-42C8-BF73-9429E42D26E9}"
EndProject
Project("{FAE04EC0-301F-11D3-BF4B-00C04F79EFBC}") = "Extensions.UnitTests", "Extensions.UnitTests\Extensions.UnitTests.csproj", "{8FBBD9FC-9F19-4D07-A2D0-63B814B4B11E}"
EndProject
Project("{FAE04EC0-301F-11D3-BF4B-00C04F79EFBC}") = "Extensions.Benchmarks", "Extensions.Benchmarks\Extensions.Benchmarks.csproj", "{77D48010-6F3C-4FAF-A22D-D8BF2E9BE156}"
EndProject
Project("{2150E333-8FDC-42A3-9474-1A3956D46DE8}") = "benchmarks", "benchmarks", "{63D3E9E5-40F3-4328-9ADB-B216E6C45FA1}"
EndProject
Global
	GlobalSection(SolutionConfigurationPlatforms) = preSolution
		Debug|Any CPU = Debug|Any CPU
		Release|Any CPU = Release|Any CPU
	EndGlobalSection
	GlobalSection(ProjectConfigurationPlatforms) = postSolution
		{05B6DAD5-2C27-4077-BDA0-FD3D1ADD78D8}.Debug|Any CPU.ActiveCfg = Debug|Any CPU
		{05B6DAD5-2C27-4077-BDA0-FD3D1ADD78D8}.Debug|Any CPU.Build.0 = Debug|Any CPU
		{05B6DAD5-2C27-4077-BDA0-FD3D1ADD78D8}.Release|Any CPU.ActiveCfg = Release|Any CPU
		{05B6DAD5-2C27-4077-BDA0-FD3D1ADD78D8}.Release|Any CPU.Build.0 = Release|Any CPU
		{83E3185F-FB1B-40A8-929B-F7D164C3CA5B}.Debug|Any CPU.ActiveCfg = Debug|Any CPU
		{83E3185F-FB1B-40A8-929B-F7D164C3CA5B}.Debug|Any CPU.Build.0 = Debug|Any CPU
		{83E3185F-FB1B-40A8-929B-F7D164C3CA5B}.Release|Any CPU.ActiveCfg = Release|Any CPU
		{83E3185F-FB1B-40A8-929B-F7D164C3CA5B}.Release|Any CPU.Build.0 = Release|Any CPU
		{8FBBD9FC-9F19-4D07-A2D0-63B814B4B11E}.Debug|Any CPU.ActiveCfg = Debug|Any CPU
		{8FBBD9FC-9F19-4D07-A2D0-63B814B4B11E}.Debug|Any CPU.Build.0 = Debug|Any CPU
		{8FBBD9FC-9F19-4D07-A2D0-63B814B4B11E}.Release|Any CPU.ActiveCfg = Release|Any CPU
		{8FBBD9FC-9F19-4D07-A2D0-63B814B4B11E}.Release|Any CPU.Build.0 = Release|Any CPU
		{77D48010-6F3C-4FAF-A22D-D8BF2E9BE156}.Debug|Any CPU.ActiveCfg = Debug|Any CPU
		{77D48010-6F3C-4FAF-A22D-D8BF2E9BE156}.Debug|Any CPU.Build.0 = Debug|Any CPU
		{77D48010-6F3C-4FAF-A22D-D8BF2E9BE156}.Release|Any CPU.ActiveCfg = Release|Any CPU
		{77D48010-6F3C-4FAF-A22D-D8BF2E9BE156}.Release|Any CPU.Build.0 = Release|Any CPU
	EndGlobalSection
	GlobalSection(NestedProjects) = preSolution
		{05B6DAD5-2C27-4077-BDA0-FD3D1ADD78D8} = {DAE39DB4-E832-44C1-B31E-6662EB3F220A}
		{83E3185F-FB1B-40A8-929B-F7D164C3CA5B} = {DAE39DB4-E832-44C1-B31E-6662EB3F220A}
		{8FBBD9FC-9F19-4D07-A2D0-63B814B4B11E} = {2C7DC7DB-73C2-42C8-BF73-9429E42D26E9}
		{77D48010-6F3C-4FAF-A22D-D8BF2E9BE156} = {63D3E9E5-40F3-4328-9ADB-B216E6C45FA1}
	EndGlobalSection
EndGlobal
